Microsoft Visual Studio Solution File, Format Version 11.00
# Visual Studio 2008

Project("{501B314C-AA4C-5D71-A306-326F7474B502}") = "Health.Empathy2", "Assembly-CSharp-firstpass.csproj", "{1BD827F3-0F8A-29BC-0B36-120756E22E0C}"
EndProject
Project("{501B314C-AA4C-5D71-A306-326F7474B502}") = "Health.Empathy2", "Assembly-CSharp.csproj", "{B0CC61B7-BEDF-C59E-409E-F68088D2B9ED}"
EndProject
Project("{501B314C-AA4C-5D71-A306-326F7474B502}") = "Health.Empathy2", "Assembly-CSharp-Editor.csproj", "{71D4A116-4385-00D3-55C4-467DF7887779}"
EndProject
Global
	GlobalSection(SolutionConfigurationPlatforms) = preSolution
		Debug|Any CPU = Debug|Any CPU
		Release|Any CPU = Release|Any CPU
	EndGlobalSection
	GlobalSection(ProjectConfigurationPlatforms) = postSolution
		{1BD827F3-0F8A-29BC-0B36-120756E22E0C}.Debug|Any CPU.ActiveCfg = Debug|Any CPU
		{1BD827F3-0F8A-29BC-0B36-120756E22E0C}.Debug|Any CPU.Build.0 = Debug|Any CPU
		{1BD827F3-0F8A-29BC-0B36-120756E22E0C}.Release|Any CPU.ActiveCfg = Release|Any CPU
		{1BD827F3-0F8A-29BC-0B36-120756E22E0C}.Release|Any CPU.Build.0 = Release|Any CPU
		{B0CC61B7-BEDF-C59E-409E-F68088D2B9ED}.Debug|Any CPU.ActiveCfg = Debug|Any CPU
		{B0CC61B7-BEDF-C59E-409E-F68088D2B9ED}.Debug|Any CPU.Build.0 = Debug|Any CPU
		{B0CC61B7-BEDF-C59E-409E-F68088D2B9ED}.Release|Any CPU.ActiveCfg = Release|Any CPU
		{B0CC61B7-BEDF-C59E-409E-F68088D2B9ED}.Release|Any CPU.Build.0 = Release|Any CPU
		{71D4A116-4385-00D3-55C4-467DF7887779}.Debug|Any CPU.ActiveCfg = Debug|Any CPU
		{71D4A116-4385-00D3-55C4-467DF7887779}.Debug|Any CPU.Build.0 = Debug|Any CPU
		{71D4A116-4385-00D3-55C4-467DF7887779}.Release|Any CPU.ActiveCfg = Release|Any CPU
		{71D4A116-4385-00D3-55C4-467DF7887779}.Release|Any CPU.Build.0 = Release|Any CPU
	EndGlobalSection
	GlobalSection(SolutionProperties) = preSolution
		HideSolutionNode = FALSE
	EndGlobalSection
	GlobalSection(MonoDevelopProperties) = preSolution
		StartupItem = Assembly-CSharp.csproj
	EndGlobalSection
EndGlobal
